// !$*UTF8*$!
{
	archiveVersion = 1;
	classes = {
	};
	objectVersion = 46;
	objects = {

/* Begin PBXBuildFile section */
		6190992F1E89031E005F9BD8 /* AppDelegate.swift in Sources */ = {isa = PBXBuildFile; fileRef = 6190992E1E89031E005F9BD8 /* AppDelegate.swift */; };
		619099311E89031E005F9BD8 /* ViewController.swift in Sources */ = {isa = PBXBuildFile; fileRef = 619099301E89031E005F9BD8 /* ViewController.swift */; };
		619099341E89031E005F9BD8 /* Main.storyboard in Resources */ = {isa = PBXBuildFile; fileRef = 619099321E89031E005F9BD8 /* Main.storyboard */; };
		619099361E89031E005F9BD8 /* Assets.xcassets in Resources */ = {isa = PBXBuildFile; fileRef = 619099351E89031E005F9BD8 /* Assets.xcassets */; };
		619099391E89031E005F9BD8 /* LaunchScreen.storyboard in Resources */ = {isa = PBXBuildFile; fileRef = 619099371E89031E005F9BD8 /* LaunchScreen.storyboard */; };
		619099411E89036A005F9BD8 /* TMCarouselView.swift in Sources */ = {isa = PBXBuildFile; fileRef = 619099401E89036A005F9BD8 /* TMCarouselView.swift */; };
		9B556F0515C7AFFDA6A9F06E /* Pods_TMCarouselView.framework in Frameworks */ = {isa = PBXBuildFile; fileRef = BDD5D5EF3827B053F2438DD2 /* Pods_TMCarouselView.framework */; };
/* End PBXBuildFile section */

/* Begin PBXFileReference section */
		049F4EB3460C9F98DE531628 /* Pods-TMCarouselView.release.xcconfig */ = {isa = PBXFileReference; includeInIndex = 1; lastKnownFileType = text.xcconfig; name = "Pods-TMCarouselView.release.xcconfig"; path = "Pods/Target Support Files/Pods-TMCarouselView/Pods-TMCarouselView.release.xcconfig"; sourceTree = "<group>"; };
		2BA79C541091A0BDCFCD3863 /* Pods-TMCarouselView.debug.xcconfig */ = {isa = PBXFileReference; includeInIndex = 1; lastKnownFileType = text.xcconfig; name = "Pods-TMCarouselView.debug.xcconfig"; path = "Pods/Target Support Files/Pods-TMCarouselView/Pods-TMCarouselView.debug.xcconfig"; sourceTree = "<group>"; };
		6190992B1E89031E005F9BD8 /* TMCarouselView.app */ = {isa = PBXFileReference; explicitFileType = wrapper.application; includeInIndex = 0; path = TMCarouselView.app; sourceTree = BUILT_PRODUCTS_DIR; };
		6190992E1E89031E005F9BD8 /* AppDelegate.swift */ = {isa = PBXFileReference; lastKnownFileType = sourcecode.swift; path = AppDelegate.swift; sourceTree = "<group>"; };
		619099301E89031E005F9BD8 /* ViewController.swift */ = {isa = PBXFileReference; lastKnownFileType = sourcecode.swift; path = ViewController.swift; sourceTree = "<group>"; };
		619099331E89031E005F9BD8 /* Base */ = {isa = PBXFileReference; lastKnownFileType = file.storyboard; name = Base; path = Base.lproj/Main.storyboard; sourceTree = "<group>"; };
		619099351E89031E005F9BD8 /* Assets.xcassets */ = {isa = PBXFileReference; lastKnownFileType = folder.assetcatalog; path = Assets.xcassets; sourceTree = "<group>"; };
		619099381E89031E005F9BD8 /* Base */ = {isa = PBXFileReference; lastKnownFileType = file.storyboard; name = Base; path = Base.lproj/LaunchScreen.storyboard; sourceTree = "<group>"; };
		6190993A1E89031E005F9BD8 /* Info.plist */ = {isa = PBXFileReference; lastKnownFileType = text.plist.xml; path = Info.plist; sourceTree = "<group>"; };
		619099401E89036A005F9BD8 /* TMCarouselView.swift */ = {isa = PBXFileReference; fileEncoding = 4; lastKnownFileType = sourcecode.swift; path = TMCarouselView.swift; sourceTree = "<group>"; };
		BDD5D5EF3827B053F2438DD2 /* Pods_TMCarouselView.framework */ = {isa = PBXFileReference; explicitFileType = wrapper.framework; includeInIndex = 0; path = Pods_TMCarouselView.framework; sourceTree = BUILT_PRODUCTS_DIR; };
/* End PBXFileReference section */

/* Begin PBXFrameworksBuildPhase section */
		619099281E89031E005F9BD8 /* Frameworks */ = {
			isa = PBXFrameworksBuildPhase;
			buildActionMask = 2147483647;
			files = (
				9B556F0515C7AFFDA6A9F06E /* Pods_TMCarouselView.framework in Frameworks */,
			);
			runOnlyForDeploymentPostprocessing = 0;
		};
/* End PBXFrameworksBuildPhase section */

/* Begin PBXGroup section */
		619099221E89031E005F9BD8 = {
			isa = PBXGroup;
			children = (
				6190992D1E89031E005F9BD8 /* TMCarouselView */,
				6190992C1E89031E005F9BD8 /* Products */,
				C15D0BC39F1FA46A39D30DAC /* Pods */,
				A66BB9B5638DBAA689D3DFFB /* Frameworks */,
			);
			sourceTree = "<group>";
		};
		6190992C1E89031E005F9BD8 /* Products */ = {
			isa = PBXGroup;
			children = (
				6190992B1E89031E005F9BD8 /* TMCarouselView.app */,
			);
			name = Products;
			sourceTree = "<group>";
		};
		6190992D1E89031E005F9BD8 /* TMCarouselView */ = {
			isa = PBXGroup;
			children = (
				6190992E1E89031E005F9BD8 /* AppDelegate.swift */,
				619099301E89031E005F9BD8 /* ViewController.swift */,
				619099401E89036A005F9BD8 /* TMCarouselView.swift */,
				619099321E89031E005F9BD8 /* Main.storyboard */,
				619099351E89031E005F9BD8 /* Assets.xcassets */,
				619099371E89031E005F9BD8 /* LaunchScreen.storyboard */,
				6190993A1E89031E005F9BD8 /* Info.plist */,
			);
			path = TMCarouselView;
			sourceTree = "<group>";
		};
		A66BB9B5638DBAA689D3DFFB /* Frameworks */ = {
			isa = PBXGroup;
			children = (
				BDD5D5EF3827B053F2438DD2 /* Pods_TMCarouselView.framework */,
			);
			name = Frameworks;
			sourceTree = "<group>";
		};
		C15D0BC39F1FA46A39D30DAC /* Pods */ = {
			isa = PBXGroup;
			children = (
				2BA79C541091A0BDCFCD3863 /* Pods-TMCarouselView.debug.xcconfig */,
				049F4EB3460C9F98DE531628 /* Pods-TMCarouselView.release.xcconfig */,
			);
			name = Pods;
			sourceTree = "<group>";
		};
/* End PBXGroup section */

/* Begin PBXNativeTarget section */
		6190992A1E89031E005F9BD8 /* TMCarouselView */ = {
			isa = PBXNativeTarget;
			buildConfigurationList = 6190993D1E89031E005F9BD8 /* Build configuration list for PBXNativeTarget "TMCarouselView" */;
			buildPhases = (
				F7A0300B8BE4B485AA286B9D /* [CP] Check Pods Manifest.lock */,
				619099271E89031E005F9BD8 /* Sources */,
				619099281E89031E005F9BD8 /* Frameworks */,
				619099291E89031E005F9BD8 /* Resources */,
				A2F5976731A8686D6538E318 /* [CP] Embed Pods Frameworks */,
				99DF5069372CA56AF56ACA1C /* [CP] Copy Pods Resources */,
			);
			buildRules = (
			);
			dependencies = (
			);
			name = TMCarouselView;
			productName = TMCarouselView;
			productReference = 6190992B1E89031E005F9BD8 /* TMCarouselView.app */;
			productType = "com.apple.product-type.application";
		};
/* End PBXNativeTarget section */

/* Begin PBXProject section */
		619099231E89031E005F9BD8 /* Project object */ = {
			isa = PBXProject;
			attributes = {
				LastSwiftUpdateCheck = 0820;
				LastUpgradeCheck = 0820;
				ORGANIZATIONNAME = guahao;
				TargetAttributes = {
					6190992A1E89031E005F9BD8 = {
						CreatedOnToolsVersion = 8.2.1;
						ProvisioningStyle = Automatic;
					};
				};
			};
			buildConfigurationList = 619099261E89031E005F9BD8 /* Build configuration list for PBXProject "TMCarouselView" */;
			compatibilityVersion = "Xcode 3.2";
			developmentRegion = English;
			hasScannedForEncodings = 0;
			knownRegions = (
				en,
				Base,
			);
			mainGroup = 619099221E89031E005F9BD8;
			productRefGroup = 6190992C1E89031E005F9BD8 /* Products */;
			projectDirPath = "";
			projectRoot = "";
			targets = (
				6190992A1E89031E005F9BD8 /* TMCarouselView */,
			);
		};
/* End PBXProject section */

/* Begin PBXResourcesBuildPhase section */
		619099291E89031E005F9BD8 /* Resources */ = {
			isa = PBXResourcesBuildPhase;
			buildActionMask = 2147483647;
			files = (
				619099391E89031E005F9BD8 /* LaunchScreen.storyboard in Resources */,
				619099361E89031E005F9BD8 /* Assets.xcassets in Resources */,
				619099341E89031E005F9BD8 /* Main.storyboard in Resources */,
			);
			runOnlyForDeploymentPostprocessing = 0;
		};
/* End PBXResourcesBuildPhase section */

/* Begin PBXShellScriptBuildPhase section */
		99DF5069372CA56AF56ACA1C /* [CP] Copy Pods Resources */ = {
			isa = PBXShellScriptBuildPhase;
			buildActionMask = 2147483647;
			files = (
			);
			inputPaths = (
			);
			name = "[CP] Copy Pods Resources";
			outputPaths = (
			);
			runOnlyForDeploymentPostprocessing = 0;
			shellPath = /bin/sh;
			shellScript = "\"${SRCROOT}/Pods/Target Support Files/Pods-TMCarouselView/Pods-TMCarouselView-resources.sh\"\n";
			showEnvVarsInLog = 0;
		};
		A2F5976731A8686D6538E318 /* [CP] Embed Pods Frameworks */ = {
			isa = PBXShellScriptBuildPhase;
			buildActionMask = 2147483647;
			files = (
			);
			inputPaths = (
			);
			name = "[CP] Embed Pods Frameworks";
			outputPaths = (
			);
			runOnlyForDeploymentPostprocessing = 0;
			shellPath = /bin/sh;
			shellScript = "\"${SRCROOT}/Pods/Target Support Files/Pods-TMCarouselView/Pods-TMCarouselView-frameworks.sh\"\n";
			showEnvVarsInLog = 0;
		};
		F7A0300B8BE4B485AA286B9D /* [CP] Check Pods Manifest.lock */ = {
			isa = PBXShellScriptBuildPhase;
			buildActionMask = 2147483647;
			files = (
			);
			inputPaths = (
			);
			name = "[CP] Check Pods Manifest.lock";
			outputPaths = (
			);
			runOnlyForDeploymentPostprocessing = 0;
			shellPath = /bin/sh;
			shellScript = "diff \"${PODS_ROOT}/../Podfile.lock\" \"${PODS_ROOT}/Manifest.lock\" > /dev/null\nif [ $? != 0 ] ; then\n    # print error to STDERR\n    echo \"error: The sandbox is not in sync with the Podfile.lock. Run 'pod install' or update your CocoaPods installation.\" >&2\n    exit 1\nfi\n";
			showEnvVarsInLog = 0;
		};
/* End PBXShellScriptBuildPhase section */

/* Begin PBXSourcesBuildPhase section */
		619099271E89031E005F9BD8 /* Sources */ = {
			isa = PBXSourcesBuildPhase;
			buildActionMask = 2147483647;
			files = (
				619099311E89031E005F9BD8 /* ViewController.swift in Sources */,
				6190992F1E89031E005F9BD8 /* AppDelegate.swift in Sources */,
				619099411E89036A005F9BD8 /* TMCarouselView.swift in Sources */,
			);
			runOnlyForDeploymentPostprocessing = 0;
		};
/* End PBXSourcesBuildPhase section */

/* Begin PBXVariantGroup section */
		619099321E89031E005F9BD8 /* Main.storyboard */ = {
			isa = PBXVariantGroup;
			children = (
				619099331E89031E005F9BD8 /* Base */,
			);
			name = Main.storyboard;
			sourceTree = "<group>";
		};
		619099371E89031E005F9BD8 /* LaunchScreen.storyboard */ = {
			isa = PBXVariantGroup;
			children = (
				619099381E89031E005F9BD8 /* Base */,
			);
			name = LaunchScreen.storyboard;
			sourceTree = "<group>";
		};
/* End PBXVariantGroup section */

/* Begin XCBuildConfiguration section */
		6190993B1E89031E005F9BD8 /* Debug */ = {
			isa = XCBuildConfiguration;
			buildSettings = {
				ALWAYS_SEARCH_USER_PATHS = NO;
				CLANG_ANALYZER_NONNULL = YES;
				CLANG_CXX_LANGUAGE_STANDARD = "gnu++0x";
				CLANG_CXX_LIBRARY = "libc++";
				CLANG_ENABLE_MODULES = YES;
				CLANG_ENABLE_OBJC_ARC = YES;
				CLANG_WARN_BOOL_CONVERSION = YES;
				CLANG_WARN_CONSTANT_CONVERSION = YES;
				CLANG_WARN_DIRECT_OBJC_ISA_USAGE = YES_ERROR;
				CLANG_WARN_DOCUMENTATION_COMMENTS = YES;
				CLANG_WARN_EMPTY_BODY = YES;
				CLANG_WARN_ENUM_CONVERSION = YES;
				CLANG_WARN_INFINITE_RECURSION = YES;
				CLANG_WARN_INT_CONVERSION = YES;
				CLANG_WARN_OBJC_ROOT_CLASS = YES_ERROR;
				CLANG_WARN_SUSPICIOUS_MOVE = YES;
				CLANG_WARN_UNREACHABLE_CODE = YES;
				CLANG_WARN__DUPLICATE_METHOD_MATCH = YES;
				"CODE_SIGN_IDENTITY[sdk=iphoneos*]" = "iPhone Developer";
				COPY_PHASE_STRIP = NO;
				DEBUG_INFORMATION_FORMAT = dwarf;
				ENABLE_STRICT_OBJC_MSGSEND = YES;
				ENABLE_TESTABILITY = YES;
				GCC_C_LANGUAGE_STANDARD = gnu99;
				GCC_DYNAMIC_NO_PIC = NO;
				GCC_NO_COMMON_BLOCKS = YES;
				GCC_OPTIMIZATION_LEVEL = 0;
				GCC_PREPROCESSOR_DEFINITIONS = (
					"DEBUG=1",
					"$(inherited)",
				);
				GCC_WARN_64_TO_32_BIT_CONVERSION = YES;
				GCC_WARN_ABOUT_RETURN_TYPE = YES_ERROR;
				GCC_WARN_UNDECLARED_SELECTOR = YES;
				GCC_WARN_UNINITIALIZED_AUTOS = YES_AGGRESSIVE;
				GCC_WARN_UNUSED_FUNCTION = YES;
				GCC_WARN_UNUSED_VARIABLE = YES;
				IPHONEOS_DEPLOYMENT_TARGET = 10.2;
				MTL_ENABLE_DEBUG_INFO = YES;
				ONLY_ACTIVE_ARCH = YES;
				SDKROOT = iphoneos;
				SWIFT_ACTIVE_COMPILATION_CONDITIONS = DEBUG;
				SWIFT_OPTIMIZATION_LEVEL = "-Onone";
			};
			name = Debug;
		};
		6190993C1E89031E005F9BD8 /* Release */ = {
			isa = XCBuildConfiguration;
			buildSettings = {
				ALWAYS_SEARCH_USER_PATHS = NO;
				CLANG_ANALYZER_NONNULL = YES;
				CLANG_CXX_LANGUAGE_STANDARD = "gnu++0x";
				CLANG_CXX_LIBRARY = "libc++";
				CLANG_ENABLE_MODULES = YES;
				CLANG_ENABLE_OBJC_ARC = YES;
				CLANG_WARN_BOOL_CONVERSION = YES;
				CLANG_WARN_CONSTANT_CONVERSION = YES;
				CLANG_WARN_DIRECT_OBJC_ISA_USAGE = YES_ERROR;
				CLANG_WARN_DOCUMENTATION_COMMENTS = YES;
				CLANG_WARN_EMPTY_BODY = YES;
				CLANG_WARN_ENUM_CONVERSION = YES;
				CLANG_WARN_INFINITE_RECURSION = YES;
				CLANG_WARN_INT_CONVERSION = YES;
				CLANG_WARN_OBJC_ROOT_CLASS = YES_ERROR;
				CLANG_WARN_SUSPICIOUS_MOVE = YES;
				CLANG_WARN_UNREACHABLE_CODE = YES;
				CLANG_WARN__DUPLICATE_METHOD_MATCH = YES;
				"CODE_SIGN_IDENTITY[sdk=iphoneos*]" = "iPhone Developer";
				COPY_PHASE_STRIP = NO;
				DEBUG_INFORMATION_FORMAT = "dwarf-with-dsym";
				ENABLE_NS_ASSERTIONS = NO;
				ENABLE_STRICT_OBJC_MSGSEND = YES;
				GCC_C_LANGUAGE_STANDARD = gnu99;
				GCC_NO_COMMON_BLOCKS = YES;
				GCC_WARN_64_TO_32_BIT_CONVERSION = YES;
				GCC_WARN_ABOUT_RETURN_TYPE = YES_ERROR;
				GCC_WARN_UNDECLARED_SELECTOR = YES;
				GCC_WARN_UNINITIALIZED_AUTOS = YES_AGGRESSIVE;
				GCC_WARN_UNUSED_FUNCTION = YES;
				GCC_WARN_UNUSED_VARIABLE = YES;
				IPHONEOS_DEPLOYMENT_TARGET = 10.2;
				MTL_ENABLE_DEBUG_INFO = NO;
				SDKROOT = iphoneos;
				SWIFT_OPTIMIZATION_LEVEL = "-Owholemodule";
				VALIDATE_PRODUCT = YES;
			};
			name = Release;
		};
		6190993E1E89031E005F9BD8 /* Debug */ = {
			isa = XCBuildConfiguration;
			baseConfigurationReference = 2BA79C541091A0BDCFCD3863 /* Pods-TMCarouselView.debug.xcconfig */;
			buildSettings = {
				ASSETCATALOG_COMPILER_APPICON_NAME = AppIcon;
				INFOPLIST_FILE = TMCarouselView/Info.plist;
				LD_RUNPATH_SEARCH_PATHS = "$(inherited) @executable_path/Frameworks";
				PRODUCT_BUNDLE_IDENTIFIER = com.guahao.TMCarouselView;
				PRODUCT_NAME = "$(TARGET_NAME)";
				SWIFT_VERSION = 3.0;
			};
			name = Debug;
		};
		6190993F1E89031E005F9BD8 /* Release */ = {
			isa = XCBuildConfiguration;
			baseConfigurationReference = 049F4EB3460C9F98DE531628 /* Pods-TMCarouselView.release.xcconfig */;
			buildSettings = {
				ASSETCATALOG_COMPILER_APPICON_NAME = AppIcon;
				INFOPLIST_FILE = TMCarouselView/Info.plist;
				LD_RUNPATH_SEARCH_PATHS = "$(inherited) @executable_path/Frameworks";
				PRODUCT_BUNDLE_IDENTIFIER = com.guahao.TMCarouselView;
				PRODUCT_NAME = "$(TARGET_NAME)";
				SWIFT_VERSION = 3.0;
			};
			name = Release;
		};
/* End XCBuildConfiguration section */

/* Begin XCConfigurationList section */
		619099261E89031E005F9BD8 /* Build configuration list for PBXProject "TMCarouselView" */ = {
			isa = XCConfigurationList;
			buildConfigurations = (
				6190993B1E89031E005F9BD8 /* Debug */,
				6190993C1E89031E005F9BD8 /* Release */,
			);
			defaultConfigurationIsVisible = 0;
			defaultConfigurationName = Release;
		};
		6190993D1E89031E005F9BD8 /* Build configuration list for PBXNativeTarget "TMCarouselView" */ = {
			isa = XCConfigurationList;
			buildConfigurations = (
				6190993E1E89031E005F9BD8 /* Debug */,
				6190993F1E89031E005F9BD8 /* Release */,
			);
			defaultConfigurationIsVisible = 0;
		};
/* End XCConfigurationList section */
	};
	rootObject = 619099231E89031E005F9BD8 /* Project object */;
}
